
Microsoft Visual Studio Solution File, Format Version 12.00
# Visual Studio Version 17
VisualStudioVersion = 17.1.32421.90
MinimumVisualStudioVersion = 10.0.40219.1
Project("{FAE04EC0-301F-11D3-BF4B-00C04F79EFBC}") = "Day05", "Day05\Day05.csproj", "{523F2425-D61D-4219-9715-2D30C2D4CA55}"
EndProject
Global
	GlobalSection(SolutionConfigurationPlatforms) = preSolution
		Debug|Any CPU = Debug|Any CPU
		Release|Any CPU = Release|Any CPU
	EndGlobalSection
	GlobalSection(ProjectConfigurationPlatforms) = postSolution
		{523F2425-D61D-4219-9715-2D30C2D4CA55}.Debug|Any CPU.ActiveCfg = Debug|Any CPU
		{523F2425-D61D-4219-9715-2D30C2D4CA55}.Debug|Any CPU.Build.0 = Debug|Any CPU
		{523F2425-D61D-4219-9715-2D30C2D4CA55}.Release|Any CPU.ActiveCfg = Release|Any CPU
		{523F2425-D61D-4219-9715-2D30C2D4CA55}.Release|Any CPU.Build.0 = Release|Any CPU
	EndGlobalSection
	GlobalSection(SolutionProperties) = preSolution
		HideSolutionNode = FALSE
	EndGlobalSection
	GlobalSection(ExtensibilityGlobals) = postSolution
		SolutionGuid = {705B6941-7C5E-4992-AA48-F9E6B5A711CD}
	EndGlobalSection
EndGlobal
